
Microsoft Visual Studio Solution File, Format Version 12.00
# Visual Studio Version 16
VisualStudioVersion = 16.0.31005.135
MinimumVisualStudioVersion = 10.0.40219.1
Project("{9A19103F-16F7-4668-BE54-9A1E7A4F7556}") = "api", "api.csproj", "{45FA2090-E048-4E61-B721-D5975D67C41A}"
EndProject
Global
	GlobalSection(SolutionConfigurationPlatforms) = preSolution
		Debug|Any CPU = Debug|Any CPU
		Release|Any CPU = Release|Any CPU
	EndGlobalSection
	GlobalSection(ProjectConfigurationPlatforms) = postSolution
		{45FA2090-E048-4E61-B721-D5975D67C41A}.Debug|Any CPU.ActiveCfg = Debug|Any CPU
		{45FA2090-E048-4E61-B721-D5975D67C41A}.Debug|Any CPU.Build.0 = Debug|Any CPU
		{45FA2090-E048-4E61-B721-D5975D67C41A}.Release|Any CPU.ActiveCfg = Release|Any CPU
		{45FA2090-E048-4E61-B721-D5975D67C41A}.Release|Any CPU.Build.0 = Release|Any CPU
	EndGlobalSection
	GlobalSection(SolutionProperties) = preSolution
		HideSolutionNode = FALSE
	EndGlobalSection
	GlobalSection(ExtensibilityGlobals) = postSolution
		SolutionGuid = {B97D5A43-8278-46D4-815C-FA7DFD0DBAAA}
	EndGlobalSection
EndGlobal
